{
    "_meta": {
        "hash": {
            "sha256": "7efc8f5c51ce1c7df72f424dd3638b82dc45adb95b26a544b484630c47fddaf6"
        },
        "pipfile-spec": 6,
        "requires": {
            "python_version": "3.11"
        },
        "sources": [
            {
                "name": "pypi",
                "url": "https://pypi.org/simple",
                "verify_ssl": true
            }
        ]
    },
    "default": {
        "pymodbus": {
            "hashes": [
                "sha256:573c370aea04523403eea1e159616a583cd7b93cfc5c81b07340d3cccd52c99f",
                "sha256:dfb45ef9a2c1663875ad32378f780b5824628cd3c0a486851e64b8a3341a3e82"
            ],
            "index": "pypi",
            "version": "==3.7.4"
        },
        "pyserial": {
            "hashes": [
                "sha256:3c77e014170dfffbd816e6ffc205e9842efb10be9f58ec16d3e8675b4925cddb",
                "sha256:c4451db6ba391ca6ca299fb3ec7bae67a5c55dde170964c7a14ceefec02f2cf0"
            ],
            "index": "pypi",
            "version": "==3.5"
        }
    },
    "develop": {}
}
